
Microsoft Visual Studio Solution File, Format Version 12.00
# Visual Studio Version 17
VisualStudioVersion = 17.11.35312.102
MinimumVisualStudioVersion = 10.0.40219.1
Project("{FAE04EC0-301F-11D3-BF4B-00C04F79EFBC}") = "Work", "Work.csproj", "{CB53BD5F-A258-4113-9661-5124957EC4E4}"
EndProject
Global
	GlobalSection(SolutionConfigurationPlatforms) = preSolution
		Debug|Any CPU = Debug|Any CPU
		Release|Any CPU = Release|Any CPU
	EndGlobalSection
	GlobalSection(ProjectConfigurationPlatforms) = postSolution
		{CB53BD5F-A258-4113-9661-5124957EC4E4}.Debug|Any CPU.ActiveCfg = Debug|Any CPU
		{CB53BD5F-A258-4113-9661-5124957EC4E4}.Debug|Any CPU.Build.0 = Debug|Any CPU
		{CB53BD5F-A258-4113-9661-5124957EC4E4}.Release|Any CPU.ActiveCfg = Release|Any CPU
		{CB53BD5F-A258-4113-9661-5124957EC4E4}.Release|Any CPU.Build.0 = Release|Any CPU
	EndGlobalSection
	GlobalSection(SolutionProperties) = preSolution
		HideSolutionNode = FALSE
	EndGlobalSection
	GlobalSection(ExtensibilityGlobals) = postSolution
		SolutionGuid = {71D3FF83-25B9-4AEC-966B-682C2D353EDC}
	EndGlobalSection
EndGlobal
